PODS:
  - AzureIoTHubClient (1.3.6-public-preview-c):
    - AzureIoTuAmqp (= 1.2.12b)
    - AzureIoTuMqtt (= 1.1.12b)
    - AzureIoTUtility (= 1.1.12b)
    - AzureMacroUtils (= 1.1.0)
    - AzureuMockC (= 1.1.19d)
  - AzureIoTuAmqp (1.2.12b):
    - AzureIoTUtility (= 1.1.12b)
    - AzureMacroUtils (= 1.1.0)
    - AzureuMockC (= 1.1.19d)
  - AzureIoTuMqtt (1.1.12b):
    - AzureIoTUtility (= 1.1.12b)
    - AzureMacroUtils (= 1.1.0)
    - AzureuMockC (= 1.1.19d)
  - AzureIoTUtility (1.1.12b):
    - AzureMacroUtils (= 1.1.0)
    - AzureuMockC (= 1.1.19d)
  - AzureMacroUtils (1.1.0)
  - AzureuMockC (1.1.19d):
    - AzureMacroUtils (= 1.1.0)

DEPENDENCIES:
  - AzureIoTHubClient (= 1.3.6-public-preview-c)
  - AzureIoTuAmqp (= 1.2.12b)
  - AzureIoTuMqtt (= 1.1.12b)
  - AzureIoTUtility (= 1.1.12b)
  - AzureMacroUtils
  - AzureuMockC

SPEC REPOS:
  trunk:
    - AzureIoTHubClient
    - AzureIoTuAmqp
    - AzureIoTuMqtt
    - AzureIoTUtility
    - AzureMacroUtils
    - AzureuMockC

SPEC CHECKSUMS:
  AzureIoTHubClient: 762645fc1b44689cd02efacb0079169e0e3a7b8f
  AzureIoTuAmqp: bdf1e25f06e2ad9ad0511b22f4fd794847e9410f
  AzureIoTuMqtt: 7876edb4f013f14eabdf05d3b6947c9eb46ab7fa
  AzureIoTUtility: 067b4e1d5fc39fff343a275a33ff5dd933613e3a
  AzureMacroUtils: 372ce248be455a1f11fe0592bff880803b1ad822
  AzureuMockC: d17f8f7182f76f213a5aaede7f3bfc4a82263d8a

PODFILE CHECKSUM: 1db46ca71c1ce197a94224409348293aff10899d

COCOAPODS: 1.8.4
