PODS:
  - AzureIoTHubClient (1.3.6-nightly-a):
    - AzureIoTuAmqp (= 1.2.12d)
    - AzureIoTuMqtt (= 1.1.12d)
    - AzureIoTUtility (= 1.1.12d)
    - AzureMacroUtils (= 1.1.0)
    - AzureuMockC (= 1.1.19d)
  - AzureIoTuAmqp (1.2.12d):
    - AzureIoTUtility (= 1.1.12d)
    - AzureMacroUtils (= 1.1.0)
    - AzureuMockC (= 1.1.19d)
  - AzureIoTuMqtt (1.1.12d):
    - AzureIoTUtility (= 1.1.12d)
    - AzureMacroUtils (= 1.1.0)
    - AzureuMockC (= 1.1.19d)
  - AzureIoTUtility (1.1.12d):
    - AzureMacroUtils (= 1.1.0)
    - AzureuMockC (= 1.1.19d)
  - AzureMacroUtils (1.1.0)
  - AzureuMockC (1.1.19d):
    - AzureMacroUtils (= 1.1.0)

DEPENDENCIES:
  - AzureIoTHubClient (= 1.3.6-nightly-a)
  - AzureIoTuAmqp (= 1.2.12d)
  - AzureIoTuMqtt (= 1.1.12d)
  - AzureIoTUtility (= 1.1.12d)

SPEC REPOS:
  trunk:
    - AzureIoTHubClient
    - AzureIoTuAmqp
    - AzureIoTuMqtt
    - AzureIoTUtility
    - AzureMacroUtils
    - AzureuMockC

SPEC CHECKSUMS:
  AzureIoTHubClient: 01c569df06edcd38e8f7d5d54ef368d154e3c5d7
  AzureIoTuAmqp: 7916cb1ed1fad97222922c03688b25df799b75a6
  AzureIoTuMqtt: 956bdb936f0c41c8a741b58d253fccc742db4c85
  AzureIoTUtility: 28dc5137eb4a4d3cf7b0bf9ab4a6bcf92ffac6e8
  AzureMacroUtils: 372ce248be455a1f11fe0592bff880803b1ad822
  AzureuMockC: d17f8f7182f76f213a5aaede7f3bfc4a82263d8a

PODFILE CHECKSUM: 6a635b13c2d4c1edc75c383ed0846ccd9fef3cc0

COCOAPODS: 1.8.4
