PODS:
  - AzureIoTHubClient (1.3.6):
    - AzureIoTuAmqp (= 1.2.12)
    - AzureIoTuMqtt (= 1.1.12)
    - AzureIoTUtility (= 1.1.12)
    - AzureMacroUtils (= 1.1.0)
    - AzureuMockC (= 1.1.19c)
  - AzureIoTuAmqp (1.2.12):
    - AzureIoTUtility (= 1.1.12)
    - AzureMacroUtils (= 1.1.0)
    - AzureuMockC (= 1.1.19c)
  - AzureIoTuMqtt (1.1.12):
    - AzureIoTUtility (= 1.1.12)
    - AzureMacroUtils (= 1.1.0)
    - AzureuMockC (= 1.1.19c)
  - AzureIoTUtility (1.1.12):
    - AzureMacroUtils (= 1.1.0)
    - AzureuMockC (= 1.1.19c)
  - AzureMacroUtils (1.1.0)
  - AzureuMockC (1.1.19c):
    - AzureMacroUtils (= 1.1.0)

DEPENDENCIES:
  - AzureIoTHubClient
  - AzureMacroUtils

SPEC REPOS:
  trunk:
    - AzureIoTHubClient
    - AzureIoTuAmqp
    - AzureIoTuMqtt
    - AzureIoTUtility
    - AzureMacroUtils
    - AzureuMockC

SPEC CHECKSUMS:
  AzureIoTHubClient: 4459367015fbdbfa8560cb5342efa9140f525450
  AzureIoTuAmqp: d2884cb93db23f5a027c23ab2efb79918ea24c01
  AzureIoTuMqtt: 9e0fb1d420dbbecea911abec1d315fe5738592bf
  AzureIoTUtility: 32e0138057ef94e81caa54c21632f3b9541e27dd
  AzureMacroUtils: 372ce248be455a1f11fe0592bff880803b1ad822
  AzureuMockC: 11060fb0711daf8a5a270c1c2318bd200e5f96ef

PODFILE CHECKSUM: b5db00514b1e51eeb4fde433e30cf4d45939f86a

COCOAPODS: 1.8.4
